
Microsoft Visual Studio Solution File, Format Version 12.00
# Visual Studio Version 17
VisualStudioVersion = 17.7.34202.233
MinimumVisualStudioVersion = 10.0.40219.1
Project("{9A19103F-16F7-4668-BE54-9A1E7A4F7556}") = "FirstApp", "FirstApp.csproj", "{F8680A1D-EC21-42F0-ABE4-2942A7E9357D}"
EndProject
Project("{9A19103F-16F7-4668-BE54-9A1E7A4F7556}") = "SecondApp", "..\SecondApp\SecondApp.csproj", "{3227C878-21E9-478D-A2FB-A323E9FE9743}"
EndProject
Project("{9A19103F-16F7-4668-BE54-9A1E7A4F7556}") = "webApp", "..\webApp\webApp.csproj", "{3927CD34-8454-4C11-94E1-C6DD900964C0}"
EndProject
Project("{9A19103F-16F7-4668-BE54-9A1E7A4F7556}") = "MyApp", "..\MyApp\MyApp.csproj", "{FB6EA669-2B62-445F-9EB0-925ECAC25477}"
EndProject
Project("{2150E333-8FDC-42A3-9474-1A3956D46DE8}") = "EmpSystem", "EmpSystem", "{40833A8D-ABD5-4F4A-AB3B-F320946CBCCE}"
EndProject
Project("{9A19103F-16F7-4668-BE54-9A1E7A4F7556}") = "EmpLib", "..\EmpLib\EmpLib.csproj", "{66E7A339-D21F-4D78-A84B-69A4C7A44797}"
EndProject
Project("{9A19103F-16F7-4668-BE54-9A1E7A4F7556}") = "EmpConsole", "..\EmpConsole\EmpConsole.csproj", "{CBFF58ED-331D-4343-99A2-3DD25D56E2C1}"
EndProject
Project("{2150E333-8FDC-42A3-9474-1A3956D46DE8}") = "PL", "PL", "{9A82B159-FAAA-44BE-9BCE-7E5363244261}"
EndProject
Project("{2150E333-8FDC-42A3-9474-1A3956D46DE8}") = "BL", "BL", "{3465364E-9770-42C0-B39C-2DE4D8F702DF}"
EndProject
Project("{9A19103F-16F7-4668-BE54-9A1E7A4F7556}") = "EmpForms", "..\EmpForms\EmpForms.csproj", "{CF32482D-EEA6-478E-BF8A-D714E1009A12}"
EndProject
Project("{9A19103F-16F7-4668-BE54-9A1E7A4F7556}") = "AsyncAwait", "..\AsyncAwait\AsyncAwait.csproj", "{BB07198E-DA2D-47D3-877D-B02A724CA7D8}"
EndProject
Project("{9A19103F-16F7-4668-BE54-9A1E7A4F7556}") = "ConsoleCient", "..\ConsolecCient\ConsoleCient.csproj", "{E3664F89-DC26-4BA5-B7F5-EF97F6954154}"
EndProject
Project("{9A19103F-16F7-4668-BE54-9A1E7A4F7556}") = "DbFirstEF", "..\DbFirstEF\DbFirstEF.csproj", "{F6838259-0737-471D-9A7C-74280E253B68}"
EndProject
Project("{9A19103F-16F7-4668-BE54-9A1E7A4F7556}") = "Delegates", "..\Delegates\Delegates.csproj", "{CB54834C-4E9C-49E1-8E26-BB3782570C25}"
EndProject
Project("{9A19103F-16F7-4668-BE54-9A1E7A4F7556}") = "Dependencyinjection", "..\Dependencyinjection\Dependencyinjection.csproj", "{C474D34E-A186-491F-8330-1B5FDEA7617D}"
EndProject
Project("{9A19103F-16F7-4668-BE54-9A1E7A4F7556}") = "FirstApi", "..\FirstApi\FirstApi.csproj", "{B829F4BD-E2DB-40C0-8468-C54A400C6FC4}"
EndProject
Project("{9A19103F-16F7-4668-BE54-9A1E7A4F7556}") = "IndividualAuth", "..\IndividualAuth\IndividualAuth.csproj", "{A388DF1D-5D5C-473C-8EAE-0586545A6D4E}"
EndProject
Project("{9A19103F-16F7-4668-BE54-9A1E7A4F7556}") = "JWTAuth", "..\JWTAuth\JWTAuth.csproj", "{108A969E-2E67-4CBC-8375-7E18C0CB71A0}"
EndProject
Project("{9A19103F-16F7-4668-BE54-9A1E7A4F7556}") = "MVCApp", "..\MVCApp\MVCApp.csproj", "{19D6FBD3-87BD-4776-AE3F-06DA82101D4B}"
EndProject
Project("{2150E333-8FDC-42A3-9474-1A3956D46DE8}") = "DAl", "DAl", "{6B951951-9A4E-46D9-A9DD-2F15BC42FE4E}"
EndProject
Project("{9A19103F-16F7-4668-BE54-9A1E7A4F7556}") = "TestDal", "..\..\..\..\Lab\DotNetApps\DotNetApp\TestDal\TestDal.csproj", "{F114C230-801A-48B6-A9CE-F8242F0702F9}"
EndProject
Project("{9A19103F-16F7-4668-BE54-9A1E7A4F7556}") = "TestDbConsole", "..\..\..\..\Lab\DotNetApps\DotNetApp\TestDbConsole\TestDbConsole.csproj", "{FB057861-070A-499C-B2FE-041F74F52637}"
EndProject
Project("{9A19103F-16F7-4668-BE54-9A1E7A4F7556}") = "LabDal", "..\..\..\..\Lab\DotNetApps\DotNetApp\LabDal\LabDal.csproj", "{FB6FC976-9B88-4B53-9065-E0C70110C6DE}"
EndProject
Project("{9A19103F-16F7-4668-BE54-9A1E7A4F7556}") = "WindowsAuthApi", "..\..\..\..\Lab\DotNetApps\DotNetApp\WindowsAuthApi\WindowsAuthApi.csproj", "{DE40E0A8-0D1F-4636-A678-960B0CF3670D}"
EndProject
Global
	GlobalSection(SolutionConfigurationPlatforms) = preSolution
		Debug|Any CPU = Debug|Any CPU
		Release|Any CPU = Release|Any CPU
	EndGlobalSection
	GlobalSection(ProjectConfigurationPlatforms) = postSolution
		{F8680A1D-EC21-42F0-ABE4-2942A7E9357D}.Debug|Any CPU.ActiveCfg = Debug|Any CPU
		{F8680A1D-EC21-42F0-ABE4-2942A7E9357D}.Debug|Any CPU.Build.0 = Debug|Any CPU
		{F8680A1D-EC21-42F0-ABE4-2942A7E9357D}.Release|Any CPU.ActiveCfg = Release|Any CPU
		{F8680A1D-EC21-42F0-ABE4-2942A7E9357D}.Release|Any CPU.Build.0 = Release|Any CPU
		{3227C878-21E9-478D-A2FB-A323E9FE9743}.Debug|Any CPU.ActiveCfg = Debug|Any CPU
		{3227C878-21E9-478D-A2FB-A323E9FE9743}.Debug|Any CPU.Build.0 = Debug|Any CPU
		{3227C878-21E9-478D-A2FB-A323E9FE9743}.Release|Any CPU.ActiveCfg = Release|Any CPU
		{3227C878-21E9-478D-A2FB-A323E9FE9743}.Release|Any CPU.Build.0 = Release|Any CPU
		{3927CD34-8454-4C11-94E1-C6DD900964C0}.Debug|Any CPU.ActiveCfg = Debug|Any CPU
		{3927CD34-8454-4C11-94E1-C6DD900964C0}.Debug|Any CPU.Build.0 = Debug|Any CPU
		{3927CD34-8454-4C11-94E1-C6DD900964C0}.Release|Any CPU.ActiveCfg = Release|Any CPU
		{3927CD34-8454-4C11-94E1-C6DD900964C0}.Release|Any CPU.Build.0 = Release|Any CPU
		{FB6EA669-2B62-445F-9EB0-925ECAC25477}.Debug|Any CPU.ActiveCfg = Debug|Any CPU
		{FB6EA669-2B62-445F-9EB0-925ECAC25477}.Debug|Any CPU.Build.0 = Debug|Any CPU
		{FB6EA669-2B62-445F-9EB0-925ECAC25477}.Release|Any CPU.ActiveCfg = Release|Any CPU
		{FB6EA669-2B62-445F-9EB0-925ECAC25477}.Release|Any CPU.Build.0 = Release|Any CPU
		{66E7A339-D21F-4D78-A84B-69A4C7A44797}.Debug|Any CPU.ActiveCfg = Debug|Any CPU
		{66E7A339-D21F-4D78-A84B-69A4C7A44797}.Debug|Any CPU.Build.0 = Debug|Any CPU
		{66E7A339-D21F-4D78-A84B-69A4C7A44797}.Release|Any CPU.ActiveCfg = Release|Any CPU
		{66E7A339-D21F-4D78-A84B-69A4C7A44797}.Release|Any CPU.Build.0 = Release|Any CPU
		{CBFF58ED-331D-4343-99A2-3DD25D56E2C1}.Debug|Any CPU.ActiveCfg = Debug|Any CPU
		{CBFF58ED-331D-4343-99A2-3DD25D56E2C1}.Debug|Any CPU.Build.0 = Debug|Any CPU
		{CBFF58ED-331D-4343-99A2-3DD25D56E2C1}.Release|Any CPU.ActiveCfg = Release|Any CPU
		{CBFF58ED-331D-4343-99A2-3DD25D56E2C1}.Release|Any CPU.Build.0 = Release|Any CPU
		{CF32482D-EEA6-478E-BF8A-D714E1009A12}.Debug|Any CPU.ActiveCfg = Debug|Any CPU
		{CF32482D-EEA6-478E-BF8A-D714E1009A12}.Debug|Any CPU.Build.0 = Debug|Any CPU
		{CF32482D-EEA6-478E-BF8A-D714E1009A12}.Release|Any CPU.ActiveCfg = Release|Any CPU
		{CF32482D-EEA6-478E-BF8A-D714E1009A12}.Release|Any CPU.Build.0 = Release|Any CPU
		{BB07198E-DA2D-47D3-877D-B02A724CA7D8}.Debug|Any CPU.ActiveCfg = Debug|Any CPU
		{BB07198E-DA2D-47D3-877D-B02A724CA7D8}.Debug|Any CPU.Build.0 = Debug|Any CPU
		{BB07198E-DA2D-47D3-877D-B02A724CA7D8}.Release|Any CPU.ActiveCfg = Release|Any CPU
		{BB07198E-DA2D-47D3-877D-B02A724CA7D8}.Release|Any CPU.Build.0 = Release|Any CPU
		{E3664F89-DC26-4BA5-B7F5-EF97F6954154}.Debug|Any CPU.ActiveCfg = Debug|Any CPU
		{E3664F89-DC26-4BA5-B7F5-EF97F6954154}.Debug|Any CPU.Build.0 = Debug|Any CPU
		{E3664F89-DC26-4BA5-B7F5-EF97F6954154}.Release|Any CPU.ActiveCfg = Release|Any CPU
		{E3664F89-DC26-4BA5-B7F5-EF97F6954154}.Release|Any CPU.Build.0 = Release|Any CPU
		{F6838259-0737-471D-9A7C-74280E253B68}.Debug|Any CPU.ActiveCfg = Debug|Any CPU
		{F6838259-0737-471D-9A7C-74280E253B68}.Debug|Any CPU.Build.0 = Debug|Any CPU
		{F6838259-0737-471D-9A7C-74280E253B68}.Release|Any CPU.ActiveCfg = Release|Any CPU
		{F6838259-0737-471D-9A7C-74280E253B68}.Release|Any CPU.Build.0 = Release|Any CPU
		{CB54834C-4E9C-49E1-8E26-BB3782570C25}.Debug|Any CPU.ActiveCfg = Debug|Any CPU
		{CB54834C-4E9C-49E1-8E26-BB3782570C25}.Debug|Any CPU.Build.0 = Debug|Any CPU
		{CB54834C-4E9C-49E1-8E26-BB3782570C25}.Release|Any CPU.ActiveCfg = Release|Any CPU
		{CB54834C-4E9C-49E1-8E26-BB3782570C25}.Release|Any CPU.Build.0 = Release|Any CPU
		{C474D34E-A186-491F-8330-1B5FDEA7617D}.Debug|Any CPU.ActiveCfg = Debug|Any CPU
		{C474D34E-A186-491F-8330-1B5FDEA7617D}.Debug|Any CPU.Build.0 = Debug|Any CPU
		{C474D34E-A186-491F-8330-1B5FDEA7617D}.Release|Any CPU.ActiveCfg = Release|Any CPU
		{C474D34E-A186-491F-8330-1B5FDEA7617D}.Release|Any CPU.Build.0 = Release|Any CPU
		{B829F4BD-E2DB-40C0-8468-C54A400C6FC4}.Debug|Any CPU.ActiveCfg = Debug|Any CPU
		{B829F4BD-E2DB-40C0-8468-C54A400C6FC4}.Debug|Any CPU.Build.0 = Debug|Any CPU
		{B829F4BD-E2DB-40C0-8468-C54A400C6FC4}.Release|Any CPU.ActiveCfg = Release|Any CPU
		{B829F4BD-E2DB-40C0-8468-C54A400C6FC4}.Release|Any CPU.Build.0 = Release|Any CPU
		{A388DF1D-5D5C-473C-8EAE-0586545A6D4E}.Debug|Any CPU.ActiveCfg = Debug|Any CPU
		{A388DF1D-5D5C-473C-8EAE-0586545A6D4E}.Debug|Any CPU.Build.0 = Debug|Any CPU
		{A388DF1D-5D5C-473C-8EAE-0586545A6D4E}.Release|Any CPU.ActiveCfg = Release|Any CPU
		{A388DF1D-5D5C-473C-8EAE-0586545A6D4E}.Release|Any CPU.Build.0 = Release|Any CPU
		{108A969E-2E67-4CBC-8375-7E18C0CB71A0}.Debug|Any CPU.ActiveCfg = Debug|Any CPU
		{108A969E-2E67-4CBC-8375-7E18C0CB71A0}.Debug|Any CPU.Build.0 = Debug|Any CPU
		{108A969E-2E67-4CBC-8375-7E18C0CB71A0}.Release|Any CPU.ActiveCfg = Release|Any CPU
		{108A969E-2E67-4CBC-8375-7E18C0CB71A0}.Release|Any CPU.Build.0 = Release|Any CPU
		{19D6FBD3-87BD-4776-AE3F-06DA82101D4B}.Debug|Any CPU.ActiveCfg = Debug|Any CPU
		{19D6FBD3-87BD-4776-AE3F-06DA82101D4B}.Debug|Any CPU.Build.0 = Debug|Any CPU
		{19D6FBD3-87BD-4776-AE3F-06DA82101D4B}.Release|Any CPU.ActiveCfg = Release|Any CPU
		{19D6FBD3-87BD-4776-AE3F-06DA82101D4B}.Release|Any CPU.Build.0 = Release|Any CPU
		{F114C230-801A-48B6-A9CE-F8242F0702F9}.Debug|Any CPU.ActiveCfg = Debug|Any CPU
		{F114C230-801A-48B6-A9CE-F8242F0702F9}.Debug|Any CPU.Build.0 = Debug|Any CPU
		{F114C230-801A-48B6-A9CE-F8242F0702F9}.Release|Any CPU.ActiveCfg = Release|Any CPU
		{F114C230-801A-48B6-A9CE-F8242F0702F9}.Release|Any CPU.Build.0 = Release|Any CPU
		{FB057861-070A-499C-B2FE-041F74F52637}.Debug|Any CPU.ActiveCfg = Debug|Any CPU
		{FB057861-070A-499C-B2FE-041F74F52637}.Debug|Any CPU.Build.0 = Debug|Any CPU
		{FB057861-070A-499C-B2FE-041F74F52637}.Release|Any CPU.ActiveCfg = Release|Any CPU
		{FB057861-070A-499C-B2FE-041F74F52637}.Release|Any CPU.Build.0 = Release|Any CPU
		{FB6FC976-9B88-4B53-9065-E0C70110C6DE}.Debug|Any CPU.ActiveCfg = Debug|Any CPU
		{FB6FC976-9B88-4B53-9065-E0C70110C6DE}.Debug|Any CPU.Build.0 = Debug|Any CPU
		{FB6FC976-9B88-4B53-9065-E0C70110C6DE}.Release|Any CPU.ActiveCfg = Release|Any CPU
		{FB6FC976-9B88-4B53-9065-E0C70110C6DE}.Release|Any CPU.Build.0 = Release|Any CPU
		{DE40E0A8-0D1F-4636-A678-960B0CF3670D}.Debug|Any CPU.ActiveCfg = Debug|Any CPU
		{DE40E0A8-0D1F-4636-A678-960B0CF3670D}.Debug|Any CPU.Build.0 = Debug|Any CPU
		{DE40E0A8-0D1F-4636-A678-960B0CF3670D}.Release|Any CPU.ActiveCfg = Release|Any CPU
		{DE40E0A8-0D1F-4636-A678-960B0CF3670D}.Release|Any CPU.Build.0 = Release|Any CPU
	EndGlobalSection
	GlobalSection(SolutionProperties) = preSolution
		HideSolutionNode = FALSE
	EndGlobalSection
	GlobalSection(NestedProjects) = preSolution
		{66E7A339-D21F-4D78-A84B-69A4C7A44797} = {3465364E-9770-42C0-B39C-2DE4D8F702DF}
		{CBFF58ED-331D-4343-99A2-3DD25D56E2C1} = {9A82B159-FAAA-44BE-9BCE-7E5363244261}
		{9A82B159-FAAA-44BE-9BCE-7E5363244261} = {40833A8D-ABD5-4F4A-AB3B-F320946CBCCE}
		{3465364E-9770-42C0-B39C-2DE4D8F702DF} = {40833A8D-ABD5-4F4A-AB3B-F320946CBCCE}
		{CF32482D-EEA6-478E-BF8A-D714E1009A12} = {9A82B159-FAAA-44BE-9BCE-7E5363244261}
		{6B951951-9A4E-46D9-A9DD-2F15BC42FE4E} = {40833A8D-ABD5-4F4A-AB3B-F320946CBCCE}
		{F114C230-801A-48B6-A9CE-F8242F0702F9} = {6B951951-9A4E-46D9-A9DD-2F15BC42FE4E}
		{FB057861-070A-499C-B2FE-041F74F52637} = {6B951951-9A4E-46D9-A9DD-2F15BC42FE4E}
		{FB6FC976-9B88-4B53-9065-E0C70110C6DE} = {6B951951-9A4E-46D9-A9DD-2F15BC42FE4E}
	EndGlobalSection
	GlobalSection(ExtensibilityGlobals) = postSolution
		SolutionGuid = {F2685AE1-F7CF-44A2-AE79-00A596A93E37}
	EndGlobalSection
EndGlobal
